
Microsoft Visual Studio Solution File, Format Version 12.00
# Visual Studio Version 17
VisualStudioVersion = 17.3.32929.385
MinimumVisualStudioVersion = 10.0.40219.1
Project("{8BC9CEB8-8B4A-11D0-8D11-00A0C91BC942}") = "unit-test", "unit-test\unit-test.vcxproj", "{30764906-4D45-445E-A056-CEDF70EC37E4}"
EndProject
Project("{8BC9CEB8-8B4A-11D0-8D11-00A0C91BC942}") = "audio-share-server", "audio-share-server\audio-share-server.vcxproj", "{37748964-0A4A-4E70-BAD3-A749B57321F8}"
EndProject
Global
	GlobalSection(SolutionConfigurationPlatforms) = preSolution
		Debug|x64 = Debug|x64
		Debug|x86 = Debug|x86
		Release|x64 = Release|x64
		Release|x86 = Release|x86
	EndGlobalSection
	GlobalSection(ProjectConfigurationPlatforms) = postSolution
		{30764906-4D45-445E-A056-CEDF70EC37E4}.Debug|x64.ActiveCfg = Debug|x64
		{30764906-4D45-445E-A056-CEDF70EC37E4}.Debug|x64.Build.0 = Debug|x64
		{30764906-4D45-445E-A056-CEDF70EC37E4}.Debug|x86.ActiveCfg = Debug|Win32
		{30764906-4D45-445E-A056-CEDF70EC37E4}.Debug|x86.Build.0 = Debug|Win32
		{30764906-4D45-445E-A056-CEDF70EC37E4}.Release|x64.ActiveCfg = Release|x64
		{30764906-4D45-445E-A056-CEDF70EC37E4}.Release|x64.Build.0 = Release|x64
		{30764906-4D45-445E-A056-CEDF70EC37E4}.Release|x86.ActiveCfg = Release|Win32
		{30764906-4D45-445E-A056-CEDF70EC37E4}.Release|x86.Build.0 = Release|Win32
		{37748964-0A4A-4E70-BAD3-A749B57321F8}.Debug|x64.ActiveCfg = Debug|x64
		{37748964-0A4A-4E70-BAD3-A749B57321F8}.Debug|x64.Build.0 = Debug|x64
		{37748964-0A4A-4E70-BAD3-A749B57321F8}.Debug|x86.ActiveCfg = Debug|Win32
		{37748964-0A4A-4E70-BAD3-A749B57321F8}.Debug|x86.Build.0 = Debug|Win32
		{37748964-0A4A-4E70-BAD3-A749B57321F8}.Release|x64.ActiveCfg = Release|x64
		{37748964-0A4A-4E70-BAD3-A749B57321F8}.Release|x64.Build.0 = Release|x64
		{37748964-0A4A-4E70-BAD3-A749B57321F8}.Release|x86.ActiveCfg = Release|Win32
		{37748964-0A4A-4E70-BAD3-A749B57321F8}.Release|x86.Build.0 = Release|Win32
	EndGlobalSection
	GlobalSection(SolutionProperties) = preSolution
		HideSolutionNode = FALSE
	EndGlobalSection
	GlobalSection(ExtensibilityGlobals) = postSolution
		SolutionGuid = {08DEB9D9-9F99-40D9-92ED-699573F8C084}
	EndGlobalSection
EndGlobal
